// !$*UTF8*$!
{
	archiveVersion = 1;
	classes = {
	};
	objectVersion = 56;
	objects = {

/* Begin PBXBuildFile section */
		BB221CD82C5F480D0073DCA3 /* FireworksView.swift in Sources */ = {isa = PBXBuildFile; fileRef = BB221CD72C5F480D0073DCA3 /* FireworksView.swift */; };
		BB4A1F2D2C5F92FB00C8B581 /* HomeScreen.swift in Sources */ = {isa = PBXBuildFile; fileRef = BB4A1F2C2C5F92FB00C8B581 /* HomeScreen.swift */; };
		BB4A1F2F2C5F94B700C8B581 /* CategoryDropdownView.swift in Sources */ = {isa = PBXBuildFile; fileRef = BB4A1F2E2C5F94B700C8B581 /* CategoryDropdownView.swift */; };
		BB4A1F312C5F94F700C8B581 /* CartItemView.swift in Sources */ = {isa = PBXBuildFile; fileRef = BB4A1F302C5F94F700C8B581 /* CartItemView.swift */; };
		BB52CC012C5E367E0062F986 /* ProductCardView.swift in Sources */ = {isa = PBXBuildFile; fileRef = BB52CC002C5E367E0062F986 /* ProductCardView.swift */; };
		BB52CC032C5E375F0062F986 /* FavoritesView.swift in Sources */ = {isa = PBXBuildFile; fileRef = BB52CC022C5E375F0062F986 /* FavoritesView.swift */; };
		BB52CC052C5E37850062F986 /* CartView.swift in Sources */ = {isa = PBXBuildFile; fileRef = BB52CC042C5E37850062F986 /* CartView.swift */; };
		BB52CC072C5E41F80062F986 /* BadgeViewModifier.swift in Sources */ = {isa = PBXBuildFile; fileRef = BB52CC062C5E41F80062F986 /* BadgeViewModifier.swift */; };
		BB7DC9FE2C5E019100D1813F /* ShoppingAppTestApp.swift in Sources */ = {isa = PBXBuildFile; fileRef = BB7DC9FD2C5E019100D1813F /* ShoppingAppTestApp.swift */; };
		BB7DCA002C5E019100D1813F /* ContentView.swift in Sources */ = {isa = PBXBuildFile; fileRef = BB7DC9FF2C5E019100D1813F /* ContentView.swift */; };
		BB7DCA022C5E019200D1813F /* Assets.xcassets in Resources */ = {isa = PBXBuildFile; fileRef = BB7DCA012C5E019200D1813F /* Assets.xcassets */; };
		BB7DCA052C5E019200D1813F /* Preview Assets.xcassets in Resources */ = {isa = PBXBuildFile; fileRef = BB7DCA042C5E019200D1813F /* Preview Assets.xcassets */; };
		BB7DCA0D2C5E01B700D1813F /* ShoppingApp.xcdatamodeld in Sources */ = {isa = PBXBuildFile; fileRef = BB7DCA0B2C5E01B700D1813F /* ShoppingApp.xcdatamodeld */; };
		BB7DCA102C5E037500D1813F /* ProductModels.swift in Sources */ = {isa = PBXBuildFile; fileRef = BB7DCA0F2C5E037500D1813F /* ProductModels.swift */; };
		BB7DCA122C5E039300D1813F /* DataLoader.swift in Sources */ = {isa = PBXBuildFile; fileRef = BB7DCA112C5E039300D1813F /* DataLoader.swift */; };
		BB7DCA142C5E03AA00D1813F /* CoreDataHelper.swift in Sources */ = {isa = PBXBuildFile; fileRef = BB7DCA132C5E03AA00D1813F /* CoreDataHelper.swift */; };
		BB7DCA152C5E055E00D1813F /* products.json in Resources */ = {isa = PBXBuildFile; fileRef = BB7DCA0E2C5E032D00D1813F /* products.json */; };
		BB7DCA172C5E066200D1813F /* CategoryListView.swift in Sources */ = {isa = PBXBuildFile; fileRef = BB7DCA162C5E066200D1813F /* CategoryListView.swift */; };
		BB7DCA192C5E068F00D1813F /* CartManager.swift in Sources */ = {isa = PBXBuildFile; fileRef = BB7DCA182C5E068F00D1813F /* CartManager.swift */; };
/* End PBXBuildFile section */

/* Begin PBXFileReference section */
		BB221CD72C5F480D0073DCA3 /* FireworksView.swift */ = {isa = PBXFileReference; lastKnownFileType = sourcecode.swift; path = FireworksView.swift; sourceTree = "<group>"; };
		BB4A1F2C2C5F92FB00C8B581 /* HomeScreen.swift */ = {isa = PBXFileReference; lastKnownFileType = sourcecode.swift; path = HomeScreen.swift; sourceTree = "<group>"; };
		BB4A1F2E2C5F94B700C8B581 /* CategoryDropdownView.swift */ = {isa = PBXFileReference; lastKnownFileType = sourcecode.swift; path = CategoryDropdownView.swift; sourceTree = "<group>"; };
		BB4A1F302C5F94F700C8B581 /* CartItemView.swift */ = {isa = PBXFileReference; lastKnownFileType = sourcecode.swift; path = CartItemView.swift; sourceTree = "<group>"; };
		BB52CC002C5E367E0062F986 /* ProductCardView.swift */ = {isa = PBXFileReference; lastKnownFileType = sourcecode.swift; path = ProductCardView.swift; sourceTree = "<group>"; };
		BB52CC022C5E375F0062F986 /* FavoritesView.swift */ = {isa = PBXFileReference; lastKnownFileType = sourcecode.swift; path = FavoritesView.swift; sourceTree = "<group>"; };
		BB52CC042C5E37850062F986 /* CartView.swift */ = {isa = PBXFileReference; lastKnownFileType = sourcecode.swift; path = CartView.swift; sourceTree = "<group>"; };
		BB52CC062C5E41F80062F986 /* BadgeViewModifier.swift */ = {isa = PBXFileReference; lastKnownFileType = sourcecode.swift; path = BadgeViewModifier.swift; sourceTree = "<group>"; };
		BB7DC9FA2C5E019100D1813F /* ShoppingAppTest.app */ = {isa = PBXFileReference; explicitFileType = wrapper.application; includeInIndex = 0; path = ShoppingAppTest.app; sourceTree = BUILT_PRODUCTS_DIR; };
		BB7DC9FD2C5E019100D1813F /* ShoppingAppTestApp.swift */ = {isa = PBXFileReference; lastKnownFileType = sourcecode.swift; path = ShoppingAppTestApp.swift; sourceTree = "<group>"; };
		BB7DC9FF2C5E019100D1813F /* ContentView.swift */ = {isa = PBXFileReference; lastKnownFileType = sourcecode.swift; path = ContentView.swift; sourceTree = "<group>"; };
		BB7DCA012C5E019200D1813F /* Assets.xcassets */ = {isa = PBXFileReference; lastKnownFileType = folder.assetcatalog; path = Assets.xcassets; sourceTree = "<group>"; };
		BB7DCA042C5E019200D1813F /* Preview Assets.xcassets */ = {isa = PBXFileReference; lastKnownFileType = folder.assetcatalog; path = "Preview Assets.xcassets"; sourceTree = "<group>"; };
		BB7DCA0C2C5E01B700D1813F /* ShoppingApp.xcdatamodel */ = {isa = PBXFileReference; lastKnownFileType = wrapper.xcdatamodel; path = ShoppingApp.xcdatamodel; sourceTree = "<group>"; };
		BB7DCA0E2C5E032D00D1813F /* products.json */ = {isa = PBXFileReference; lastKnownFileType = text.json; path = products.json; sourceTree = "<group>"; };
		BB7DCA0F2C5E037500D1813F /* ProductModels.swift */ = {isa = PBXFileReference; lastKnownFileType = sourcecode.swift; path = ProductModels.swift; sourceTree = "<group>"; };
		BB7DCA112C5E039300D1813F /* DataLoader.swift */ = {isa = PBXFileReference; lastKnownFileType = sourcecode.swift; path = DataLoader.swift; sourceTree = "<group>"; };
		BB7DCA132C5E03AA00D1813F /* CoreDataHelper.swift */ = {isa = PBXFileReference; lastKnownFileType = sourcecode.swift; path = CoreDataHelper.swift; sourceTree = "<group>"; };
		BB7DCA162C5E066200D1813F /* CategoryListView.swift */ = {isa = PBXFileReference; lastKnownFileType = sourcecode.swift; path = CategoryListView.swift; sourceTree = "<group>"; };
		BB7DCA182C5E068F00D1813F /* CartManager.swift */ = {isa = PBXFileReference; lastKnownFileType = sourcecode.swift; path = CartManager.swift; sourceTree = "<group>"; };
/* End PBXFileReference section */

/* Begin PBXFrameworksBuildPhase section */
		BB7DC9F72C5E019100D1813F /* Frameworks */ = {
			isa = PBXFrameworksBuildPhase;
			buildActionMask = 2147483647;
			files = (
			);
			runOnlyForDeploymentPostprocessing = 0;
		};
/* End PBXFrameworksBuildPhase section */

/* Begin PBXGroup section */
		BB4A1F322C5F95CD00C8B581 /* HomeView */ = {
			isa = PBXGroup;
			children = (
				BB4A1F2C2C5F92FB00C8B581 /* HomeScreen.swift */,
			);
			path = HomeView;
			sourceTree = "<group>";
		};
		BB4A1F332C5F95EA00C8B581 /* Views */ = {
			isa = PBXGroup;
			children = (
				BB52CC062C5E41F80062F986 /* BadgeViewModifier.swift */,
				BB221CD72C5F480D0073DCA3 /* FireworksView.swift */,
				BB52CC002C5E367E0062F986 /* ProductCardView.swift */,
			);
			path = Views;
			sourceTree = "<group>";
		};
		BB4A1F342C5F964200C8B581 /* CategoryViews */ = {
			isa = PBXGroup;
			children = (
				BB7DCA162C5E066200D1813F /* CategoryListView.swift */,
				BB4A1F2E2C5F94B700C8B581 /* CategoryDropdownView.swift */,
			);
			path = CategoryViews;
			sourceTree = "<group>";
		};
		BB4A1F352C5F965600C8B581 /* CartViews */ = {
			isa = PBXGroup;
			children = (
				BB52CC042C5E37850062F986 /* CartView.swift */,
				BB4A1F302C5F94F700C8B581 /* CartItemView.swift */,
			);
			path = CartViews;
			sourceTree = "<group>";
		};
		BB4A1F362C5F967200C8B581 /* FavoritesView */ = {
			isa = PBXGroup;
			children = (
				BB52CC022C5E375F0062F986 /* FavoritesView.swift */,
			);
			path = FavoritesView;
			sourceTree = "<group>";
		};
		BB4A1F372C5F968F00C8B581 /* Models */ = {
			isa = PBXGroup;
			children = (
				BB7DCA0F2C5E037500D1813F /* ProductModels.swift */,
			);
			path = Models;
			sourceTree = "<group>";
		};
		BB4A1F382C5F96AD00C8B581 /* DataLoaders */ = {
			isa = PBXGroup;
			children = (
				BB7DCA112C5E039300D1813F /* DataLoader.swift */,
				BB7DCA132C5E03AA00D1813F /* CoreDataHelper.swift */,
			);
			path = DataLoaders;
			sourceTree = "<group>";
		};
		BB7DC9F12C5E019100D1813F = {
			isa = PBXGroup;
			children = (
				BB7DC9FC2C5E019100D1813F /* ShoppingAppTest */,
				BB7DC9FB2C5E019100D1813F /* Products */,
			);
			sourceTree = "<group>";
		};
		BB7DC9FB2C5E019100D1813F /* Products */ = {
			isa = PBXGroup;
			children = (
				BB7DC9FA2C5E019100D1813F /* ShoppingAppTest.app */,
			);
			name = Products;
			sourceTree = "<group>";
		};
		BB7DC9FC2C5E019100D1813F /* ShoppingAppTest */ = {
			isa = PBXGroup;
			children = (
				BB4A1F372C5F968F00C8B581 /* Models */,
				BB4A1F322C5F95CD00C8B581 /* HomeView */,
				BB4A1F342C5F964200C8B581 /* CategoryViews */,
				BB4A1F362C5F967200C8B581 /* FavoritesView */,
				BB4A1F352C5F965600C8B581 /* CartViews */,
				BB4A1F332C5F95EA00C8B581 /* Views */,
				BB4A1F382C5F96AD00C8B581 /* DataLoaders */,
				BB7DCA182C5E068F00D1813F /* CartManager.swift */,
				BB7DC9FF2C5E019100D1813F /* ContentView.swift */,
				BB7DC9FD2C5E019100D1813F /* ShoppingAppTestApp.swift */,
				BB7DCA0E2C5E032D00D1813F /* products.json */,
				BB7DCA0B2C5E01B700D1813F /* ShoppingApp.xcdatamodeld */,
				BB7DCA012C5E019200D1813F /* Assets.xcassets */,
				BB7DCA032C5E019200D1813F /* Preview Content */,
			);
			path = ShoppingAppTest;
			sourceTree = "<group>";
		};
		BB7DCA032C5E019200D1813F /* Preview Content */ = {
			isa = PBXGroup;
			children = (
				BB7DCA042C5E019200D1813F /* Preview Assets.xcassets */,
			);
			path = "Preview Content";
			sourceTree = "<group>";
		};
/* End PBXGroup section */

/* Begin PBXNativeTarget section */
		BB7DC9F92C5E019100D1813F /* ShoppingAppTest */ = {
			isa = PBXNativeTarget;
			buildConfigurationList = BB7DCA082C5E019200D1813F /* Build configuration list for PBXNativeTarget "ShoppingAppTest" */;
			buildPhases = (
				BB7DC9F62C5E019100D1813F /* Sources */,
				BB7DC9F72C5E019100D1813F /* Frameworks */,
				BB7DC9F82C5E019100D1813F /* Resources */,
			);
			buildRules = (
			);
			dependencies = (
			);
			name = ShoppingAppTest;
			productName = ShoppingAppTest;
			productReference = BB7DC9FA2C5E019100D1813F /* ShoppingAppTest.app */;
			productType = "com.apple.product-type.application";
		};
/* End PBXNativeTarget section */

/* Begin PBXProject section */
		BB7DC9F22C5E019100D1813F /* Project object */ = {
			isa = PBXProject;
			attributes = {
				BuildIndependentTargetsInParallel = 1;
				LastSwiftUpdateCheck = 1540;
				LastUpgradeCheck = 1540;
				TargetAttributes = {
					BB7DC9F92C5E019100D1813F = {
						CreatedOnToolsVersion = 15.4;
					};
				};
			};
			buildConfigurationList = BB7DC9F52C5E019100D1813F /* Build configuration list for PBXProject "ShoppingAppTest" */;
			compatibilityVersion = "Xcode 14.0";
			developmentRegion = en;
			hasScannedForEncodings = 0;
			knownRegions = (
				en,
				Base,
			);
			mainGroup = BB7DC9F12C5E019100D1813F;
			productRefGroup = BB7DC9FB2C5E019100D1813F /* Products */;
			projectDirPath = "";
			projectRoot = "";
			targets = (
				BB7DC9F92C5E019100D1813F /* ShoppingAppTest */,
			);
		};
/* End PBXProject section */

/* Begin PBXResourcesBuildPhase section */
		BB7DC9F82C5E019100D1813F /* Resources */ = {
			isa = PBXResourcesBuildPhase;
			buildActionMask = 2147483647;
			files = (
				BB7DCA152C5E055E00D1813F /* products.json in Resources */,
				BB7DCA052C5E019200D1813F /* Preview Assets.xcassets in Resources */,
				BB7DCA022C5E019200D1813F /* Assets.xcassets in Resources */,
			);
			runOnlyForDeploymentPostprocessing = 0;
		};
/* End PBXResourcesBuildPhase section */

/* Begin PBXSourcesBuildPhase section */
		BB7DC9F62C5E019100D1813F /* Sources */ = {
			isa = PBXSourcesBuildPhase;
			buildActionMask = 2147483647;
			files = (
				BB221CD82C5F480D0073DCA3 /* FireworksView.swift in Sources */,
				BB4A1F312C5F94F700C8B581 /* CartItemView.swift in Sources */,
				BB52CC032C5E375F0062F986 /* FavoritesView.swift in Sources */,
				BB4A1F2D2C5F92FB00C8B581 /* HomeScreen.swift in Sources */,
				BB7DCA142C5E03AA00D1813F /* CoreDataHelper.swift in Sources */,
				BB7DCA192C5E068F00D1813F /* CartManager.swift in Sources */,
				BB52CC072C5E41F80062F986 /* BadgeViewModifier.swift in Sources */,
				BB7DCA122C5E039300D1813F /* DataLoader.swift in Sources */,
				BB4A1F2F2C5F94B700C8B581 /* CategoryDropdownView.swift in Sources */,
				BB7DCA002C5E019100D1813F /* ContentView.swift in Sources */,
				BB7DCA0D2C5E01B700D1813F /* ShoppingApp.xcdatamodeld in Sources */,
				BB52CC052C5E37850062F986 /* CartView.swift in Sources */,
				BB7DC9FE2C5E019100D1813F /* ShoppingAppTestApp.swift in Sources */,
				BB52CC012C5E367E0062F986 /* ProductCardView.swift in Sources */,
				BB7DCA172C5E066200D1813F /* CategoryListView.swift in Sources */,
				BB7DCA102C5E037500D1813F /* ProductModels.swift in Sources */,
			);
			runOnlyForDeploymentPostprocessing = 0;
		};
/* End PBXSourcesBuildPhase section */

/* Begin XCBuildConfiguration section */
		BB7DCA062C5E019200D1813F /* Debug */ = {
			isa = XCBuildConfiguration;
			buildSettings = {
				ALWAYS_SEARCH_USER_PATHS = NO;
				ASSETCATALOG_COMPILER_GENERATE_SWIFT_ASSET_SYMBOL_EXTENSIONS = YES;
				CLANG_ANALYZER_NONNULL = YES;
				CLANG_ANALYZER_NUMBER_OBJECT_CONVERSION = YES_AGGRESSIVE;
				CLANG_CXX_LANGUAGE_STANDARD = "gnu++20";
				CLANG_ENABLE_MODULES = YES;
				CLANG_ENABLE_OBJC_ARC = YES;
				CLANG_ENABLE_OBJC_WEAK = YES;
				CLANG_WARN_BLOCK_CAPTURE_AUTORELEASING = YES;
				CLANG_WARN_BOOL_CONVERSION = YES;
				CLANG_WARN_COMMA = YES;
				CLANG_WARN_CONSTANT_CONVERSION = YES;
				CLANG_WARN_DEPRECATED_OBJC_IMPLEMENTATIONS = YES;
				CLANG_WARN_DIRECT_OBJC_ISA_USAGE = YES_ERROR;
				CLANG_WARN_DOCUMENTATION_COMMENTS = YES;
				CLANG_WARN_EMPTY_BODY = YES;
				CLANG_WARN_ENUM_CONVERSION = YES;
				CLANG_WARN_INFINITE_RECURSION = YES;
				CLANG_WARN_INT_CONVERSION = YES;
				CLANG_WARN_NON_LITERAL_NULL_CONVERSION = YES;
				CLANG_WARN_OBJC_IMPLICIT_RETAIN_SELF = YES;
				CLANG_WARN_OBJC_LITERAL_CONVERSION = YES;
				CLANG_WARN_OBJC_ROOT_CLASS = YES_ERROR;
				CLANG_WARN_QUOTED_INCLUDE_IN_FRAMEWORK_HEADER = YES;
				CLANG_WARN_RANGE_LOOP_ANALYSIS = YES;
				CLANG_WARN_STRICT_PROTOTYPES = YES;
				CLANG_WARN_SUSPICIOUS_MOVE = YES;
				CLANG_WARN_UNGUARDED_AVAILABILITY = YES_AGGRESSIVE;
				CLANG_WARN_UNREACHABLE_CODE = YES;
				CLANG_WARN__DUPLICATE_METHOD_MATCH = YES;
				COPY_PHASE_STRIP = NO;
				DEBUG_INFORMATION_FORMAT = dwarf;
				ENABLE_STRICT_OBJC_MSGSEND = YES;
				ENABLE_TESTABILITY = YES;
				ENABLE_USER_SCRIPT_SANDBOXING = YES;
				GCC_C_LANGUAGE_STANDARD = gnu17;
				GCC_DYNAMIC_NO_PIC = NO;
				GCC_NO_COMMON_BLOCKS = YES;
				GCC_OPTIMIZATION_LEVEL = 0;
				GCC_PREPROCESSOR_DEFINITIONS = (
					"DEBUG=1",
					"$(inherited)",
				);
				GCC_WARN_64_TO_32_BIT_CONVERSION = YES;
				GCC_WARN_ABOUT_RETURN_TYPE = YES_ERROR;
				GCC_WARN_UNDECLARED_SELECTOR = YES;
				GCC_WARN_UNINITIALIZED_AUTOS = YES_AGGRESSIVE;
				GCC_WARN_UNUSED_FUNCTION = YES;
				GCC_WARN_UNUSED_VARIABLE = YES;
				IPHONEOS_DEPLOYMENT_TARGET = 17.5;
				LOCALIZATION_PREFERS_STRING_CATALOGS = YES;
				MTL_ENABLE_DEBUG_INFO = INCLUDE_SOURCE;
				MTL_FAST_MATH = YES;
				ONLY_ACTIVE_ARCH = YES;
				SDKROOT = iphoneos;
				SWIFT_ACTIVE_COMPILATION_CONDITIONS = "DEBUG $(inherited)";
				SWIFT_OPTIMIZATION_LEVEL = "-Onone";
			};
			name = Debug;
		};
		BB7DCA072C5E019200D1813F /* Release */ = {
			isa = XCBuildConfiguration;
			buildSettings = {
				ALWAYS_SEARCH_USER_PATHS = NO;
				ASSETCATALOG_COMPILER_GENERATE_SWIFT_ASSET_SYMBOL_EXTENSIONS = YES;
				CLANG_ANALYZER_NONNULL = YES;
				CLANG_ANALYZER_NUMBER_OBJECT_CONVERSION = YES_AGGRESSIVE;
				CLANG_CXX_LANGUAGE_STANDARD = "gnu++20";
				CLANG_ENABLE_MODULES = YES;
				CLANG_ENABLE_OBJC_ARC = YES;
				CLANG_ENABLE_OBJC_WEAK = YES;
				CLANG_WARN_BLOCK_CAPTURE_AUTORELEASING = YES;
				CLANG_WARN_BOOL_CONVERSION = YES;
				CLANG_WARN_COMMA = YES;
				CLANG_WARN_CONSTANT_CONVERSION = YES;
				CLANG_WARN_DEPRECATED_OBJC_IMPLEMENTATIONS = YES;
				CLANG_WARN_DIRECT_OBJC_ISA_USAGE = YES_ERROR;
				CLANG_WARN_DOCUMENTATION_COMMENTS = YES;
				CLANG_WARN_EMPTY_BODY = YES;
				CLANG_WARN_ENUM_CONVERSION = YES;
				CLANG_WARN_INFINITE_RECURSION = YES;
				CLANG_WARN_INT_CONVERSION = YES;
				CLANG_WARN_NON_LITERAL_NULL_CONVERSION = YES;
				CLANG_WARN_OBJC_IMPLICIT_RETAIN_SELF = YES;
				CLANG_WARN_OBJC_LITERAL_CONVERSION = YES;
				CLANG_WARN_OBJC_ROOT_CLASS = YES_ERROR;
				CLANG_WARN_QUOTED_INCLUDE_IN_FRAMEWORK_HEADER = YES;
				CLANG_WARN_RANGE_LOOP_ANALYSIS = YES;
				CLANG_WARN_STRICT_PROTOTYPES = YES;
				CLANG_WARN_SUSPICIOUS_MOVE = YES;
				CLANG_WARN_UNGUARDED_AVAILABILITY = YES_AGGRESSIVE;
				CLANG_WARN_UNREACHABLE_CODE = YES;
				CLANG_WARN__DUPLICATE_METHOD_MATCH = YES;
				COPY_PHASE_STRIP = NO;
				DEBUG_INFORMATION_FORMAT = "dwarf-with-dsym";
				ENABLE_NS_ASSERTIONS = NO;
				ENABLE_STRICT_OBJC_MSGSEND = YES;
				ENABLE_USER_SCRIPT_SANDBOXING = YES;
				GCC_C_LANGUAGE_STANDARD = gnu17;
				GCC_NO_COMMON_BLOCKS = YES;
				GCC_WARN_64_TO_32_BIT_CONVERSION = YES;
				GCC_WARN_ABOUT_RETURN_TYPE = YES_ERROR;
				GCC_WARN_UNDECLARED_SELECTOR = YES;
				GCC_WARN_UNINITIALIZED_AUTOS = YES_AGGRESSIVE;
				GCC_WARN_UNUSED_FUNCTION = YES;
				GCC_WARN_UNUSED_VARIABLE = YES;
				IPHONEOS_DEPLOYMENT_TARGET = 17.5;
				LOCALIZATION_PREFERS_STRING_CATALOGS = YES;
				MTL_ENABLE_DEBUG_INFO = NO;
				MTL_FAST_MATH = YES;
				SDKROOT = iphoneos;
				SWIFT_COMPILATION_MODE = wholemodule;
				VALIDATE_PRODUCT = YES;
			};
			name = Release;
		};
		BB7DCA092C5E019200D1813F /* Debug */ = {
			isa = XCBuildConfiguration;
			buildSettings = {
				ASSETCATALOG_COMPILER_APPICON_NAME = AppIcon;
				ASSETCATALOG_COMPILER_GLOBAL_ACCENT_COLOR_NAME = AccentColor;
				CODE_SIGN_STYLE = Automatic;
				CURRENT_PROJECT_VERSION = 1;
				DEVELOPMENT_ASSET_PATHS = "\"ShoppingAppTest/Preview Content\"";
				DEVELOPMENT_TEAM = XF5T9TAP7C;
				ENABLE_PREVIEWS = YES;
				GENERATE_INFOPLIST_FILE = YES;
				INFOPLIST_KEY_UIApplicationSceneManifest_Generation = YES;
				INFOPLIST_KEY_UIApplicationSupportsIndirectInputEvents = YES;
				INFOPLIST_KEY_UILaunchScreen_Generation = YES;
				INFOPLIST_KEY_UISupportedInterfaceOrientations_iPad = "UIInterfaceOrientationPortrait UIInterfaceOrientationPortraitUpsideDown UIInterfaceOrientationLandscapeLeft UIInterfaceOrientationLandscapeRight";
				INFOPLIST_KEY_UISupportedInterfaceOrientations_iPhone = "UIInterfaceOrientationPortrait UIInterfaceOrientationLandscapeLeft UIInterfaceOrientationLandscapeRight";
				LD_RUNPATH_SEARCH_PATHS = (
					"$(inherited)",
					"@executable_path/Frameworks",
				);
				MARKETING_VERSION = 1.0;
				PRODUCT_BUNDLE_IDENTIFIER = vishnu.ShoppingAppTest;
				PRODUCT_NAME = "$(TARGET_NAME)";
				SUPPORTED_PLATFORMS = "iphoneos iphonesimulator";
				SUPPORTS_MACCATALYST = NO;
				SUPPORTS_MAC_DESIGNED_FOR_IPHONE_IPAD = NO;
				SUPPORTS_XR_DESIGNED_FOR_IPHONE_IPAD = NO;
				SWIFT_EMIT_LOC_STRINGS = YES;
				SWIFT_VERSION = 5.0;
				TARGETED_DEVICE_FAMILY = "1,2";
			};
			name = Debug;
		};
		BB7DCA0A2C5E019200D1813F /* Release */ = {
			isa = XCBuildConfiguration;
			buildSettings = {
				ASSETCATALOG_COMPILER_APPICON_NAME = AppIcon;
				ASSETCATALOG_COMPILER_GLOBAL_ACCENT_COLOR_NAME = AccentColor;
				CODE_SIGN_STYLE = Automatic;
				CURRENT_PROJECT_VERSION = 1;
				DEVELOPMENT_ASSET_PATHS = "\"ShoppingAppTest/Preview Content\"";
				DEVELOPMENT_TEAM = XF5T9TAP7C;
				ENABLE_PREVIEWS = YES;
				GENERATE_INFOPLIST_FILE = YES;
				INFOPLIST_KEY_UIApplicationSceneManifest_Generation = YES;
				INFOPLIST_KEY_UIApplicationSupportsIndirectInputEvents = YES;
				INFOPLIST_KEY_UILaunchScreen_Generation = YES;
				INFOPLIST_KEY_UISupportedInterfaceOrientations_iPad = "UIInterfaceOrientationPortrait UIInterfaceOrientationPortraitUpsideDown UIInterfaceOrientationLandscapeLeft UIInterfaceOrientationLandscapeRight";
				INFOPLIST_KEY_UISupportedInterfaceOrientations_iPhone = "UIInterfaceOrientationPortrait UIInterfaceOrientationLandscapeLeft UIInterfaceOrientationLandscapeRight";
				LD_RUNPATH_SEARCH_PATHS = (
					"$(inherited)",
					"@executable_path/Frameworks",
				);
				MARKETING_VERSION = 1.0;
				PRODUCT_BUNDLE_IDENTIFIER = vishnu.ShoppingAppTest;
				PRODUCT_NAME = "$(TARGET_NAME)";
				SUPPORTED_PLATFORMS = "iphoneos iphonesimulator";
				SUPPORTS_MACCATALYST = NO;
				SUPPORTS_MAC_DESIGNED_FOR_IPHONE_IPAD = NO;
				SUPPORTS_XR_DESIGNED_FOR_IPHONE_IPAD = NO;
				SWIFT_EMIT_LOC_STRINGS = YES;
				SWIFT_VERSION = 5.0;
				TARGETED_DEVICE_FAMILY = "1,2";
			};
			name = Release;
		};
/* End XCBuildConfiguration section */

/* Begin XCConfigurationList section */
		BB7DC9F52C5E019100D1813F /* Build configuration list for PBXProject "ShoppingAppTest" */ = {
			isa = XCConfigurationList;
			buildConfigurations = (
				BB7DCA062C5E019200D1813F /* Debug */,
				BB7DCA072C5E019200D1813F /* Release */,
			);
			defaultConfigurationIsVisible = 0;
			defaultConfigurationName = Release;
		};
		BB7DCA082C5E019200D1813F /* Build configuration list for PBXNativeTarget "ShoppingAppTest" */ = {
			isa = XCConfigurationList;
			buildConfigurations = (
				BB7DCA092C5E019200D1813F /* Debug */,
				BB7DCA0A2C5E019200D1813F /* Release */,
			);
			defaultConfigurationIsVisible = 0;
			defaultConfigurationName = Release;
		};
/* End XCConfigurationList section */

/* Begin XCVersionGroup section */
		BB7DCA0B2C5E01B700D1813F /* ShoppingApp.xcdatamodeld */ = {
			isa = XCVersionGroup;
			children = (
				BB7DCA0C2C5E01B700D1813F /* ShoppingApp.xcdatamodel */,
			);
			currentVersion = BB7DCA0C2C5E01B700D1813F /* ShoppingApp.xcdatamodel */;
			name = ShoppingApp.xcdatamodeld;
			path = /Users/vishnumangalashery/Desktop/ShoppingAppTest/ShoppingAppTest/ShoppingApp.xcdatamodeld;
			sourceTree = "<group>";
			versionGroupType = wrapper.xcdatamodel;
		};
/* End XCVersionGroup section */
	};
	rootObject = BB7DC9F22C5E019100D1813F /* Project object */;
}
